
Microsoft Visual Studio Solution File, Format Version 12.00
# Visual Studio Version 17
VisualStudioVersion = 17.12.35521.163
MinimumVisualStudioVersion = 10.0.40219.1
Project("{F2A71F9B-5D33-465A-A702-920D77279786}") = "Day-01", "Day-01\Day-01.fsproj", "{C9CB9295-5879-4095-9841-22D514656661}"
EndProject
Project("{F2A71F9B-5D33-465A-A702-920D77279786}") = "Day-02", "Day-02\Day-02.fsproj", "{AAB6925E-7958-4BB3-B07C-7E52546D7E08}"
EndProject
Project("{F2A71F9B-5D33-465A-A702-920D77279786}") = "Day-03", "Day-03\Day-03.fsproj", "{D79C1EBE-E8F6-40C9-8FFA-2C6E4067DC1B}"
EndProject
Project("{F2A71F9B-5D33-465A-A702-920D77279786}") = "Day-04", "Day-04\Day-04.fsproj", "{5E8E299E-B484-43C2-93B3-C7BB8E8546D4}"
EndProject
Project("{F2A71F9B-5D33-465A-A702-920D77279786}") = "Day-05", "Day-05\Day-05.fsproj", "{B65CA878-BB5D-490E-BEF5-E6B5B4396E0D}"
EndProject
Project("{F2A71F9B-5D33-465A-A702-920D77279786}") = "Day-06", "Day-06\Day-06.fsproj", "{167122A3-2202-4395-9FA4-1079FDB3F9B5}"
EndProject
Project("{F2A71F9B-5D33-465A-A702-920D77279786}") = "Day-07", "Day-07\Day-07.fsproj", "{778BC847-FAC9-48AA-BDFC-8CF7D2DBCDE6}"
EndProject
Global
	GlobalSection(SolutionConfigurationPlatforms) = preSolution
		Debug|Any CPU = Debug|Any CPU
		Release|Any CPU = Release|Any CPU
	EndGlobalSection
	GlobalSection(ProjectConfigurationPlatforms) = postSolution
		{C9CB9295-5879-4095-9841-22D514656661}.Debug|Any CPU.ActiveCfg = Debug|Any CPU
		{C9CB9295-5879-4095-9841-22D514656661}.Debug|Any CPU.Build.0 = Debug|Any CPU
		{C9CB9295-5879-4095-9841-22D514656661}.Release|Any CPU.ActiveCfg = Release|Any CPU
		{C9CB9295-5879-4095-9841-22D514656661}.Release|Any CPU.Build.0 = Release|Any CPU
		{AAB6925E-7958-4BB3-B07C-7E52546D7E08}.Debug|Any CPU.ActiveCfg = Debug|Any CPU
		{AAB6925E-7958-4BB3-B07C-7E52546D7E08}.Debug|Any CPU.Build.0 = Debug|Any CPU
		{AAB6925E-7958-4BB3-B07C-7E52546D7E08}.Release|Any CPU.ActiveCfg = Release|Any CPU
		{AAB6925E-7958-4BB3-B07C-7E52546D7E08}.Release|Any CPU.Build.0 = Release|Any CPU
		{D79C1EBE-E8F6-40C9-8FFA-2C6E4067DC1B}.Debug|Any CPU.ActiveCfg = Debug|Any CPU
		{D79C1EBE-E8F6-40C9-8FFA-2C6E4067DC1B}.Debug|Any CPU.Build.0 = Debug|Any CPU
		{D79C1EBE-E8F6-40C9-8FFA-2C6E4067DC1B}.Release|Any CPU.ActiveCfg = Release|Any CPU
		{D79C1EBE-E8F6-40C9-8FFA-2C6E4067DC1B}.Release|Any CPU.Build.0 = Release|Any CPU
		{5E8E299E-B484-43C2-93B3-C7BB8E8546D4}.Debug|Any CPU.ActiveCfg = Debug|Any CPU
		{5E8E299E-B484-43C2-93B3-C7BB8E8546D4}.Debug|Any CPU.Build.0 = Debug|Any CPU
		{5E8E299E-B484-43C2-93B3-C7BB8E8546D4}.Release|Any CPU.ActiveCfg = Release|Any CPU
		{5E8E299E-B484-43C2-93B3-C7BB8E8546D4}.Release|Any CPU.Build.0 = Release|Any CPU
		{B65CA878-BB5D-490E-BEF5-E6B5B4396E0D}.Debug|Any CPU.ActiveCfg = Debug|Any CPU
		{B65CA878-BB5D-490E-BEF5-E6B5B4396E0D}.Debug|Any CPU.Build.0 = Debug|Any CPU
		{B65CA878-BB5D-490E-BEF5-E6B5B4396E0D}.Release|Any CPU.ActiveCfg = Release|Any CPU
		{B65CA878-BB5D-490E-BEF5-E6B5B4396E0D}.Release|Any CPU.Build.0 = Release|Any CPU
		{167122A3-2202-4395-9FA4-1079FDB3F9B5}.Debug|Any CPU.ActiveCfg = Debug|Any CPU
		{167122A3-2202-4395-9FA4-1079FDB3F9B5}.Debug|Any CPU.Build.0 = Debug|Any CPU
		{167122A3-2202-4395-9FA4-1079FDB3F9B5}.Release|Any CPU.ActiveCfg = Release|Any CPU
		{167122A3-2202-4395-9FA4-1079FDB3F9B5}.Release|Any CPU.Build.0 = Release|Any CPU
		{778BC847-FAC9-48AA-BDFC-8CF7D2DBCDE6}.Debug|Any CPU.ActiveCfg = Debug|Any CPU
		{778BC847-FAC9-48AA-BDFC-8CF7D2DBCDE6}.Debug|Any CPU.Build.0 = Debug|Any CPU
		{778BC847-FAC9-48AA-BDFC-8CF7D2DBCDE6}.Release|Any CPU.ActiveCfg = Release|Any CPU
		{778BC847-FAC9-48AA-BDFC-8CF7D2DBCDE6}.Release|Any CPU.Build.0 = Release|Any CPU
	EndGlobalSection
	GlobalSection(SolutionProperties) = preSolution
		HideSolutionNode = FALSE
	EndGlobalSection
	GlobalSection(ExtensibilityGlobals) = postSolution
		SolutionGuid = {810D52C7-30FE-475F-A454-8F680BB0D23F}
	EndGlobalSection
EndGlobal
